
Microsoft Visual Studio Solution File, Format Version 12.00
# Visual Studio Version 16
VisualStudioVersion = 16.0.31402.337
MinimumVisualStudioVersion = 10.0.40219.1
Project("{FAE04EC0-301F-11D3-BF4B-00C04F79EFBC}") = "shopapp.entity", "shopapp.entity\shopapp.entity.csproj", "{32189255-5614-4E98-8406-A05511AF6D88}"
EndProject
Project("{FAE04EC0-301F-11D3-BF4B-00C04F79EFBC}") = "shopapp.business", "shopapp.business\shopapp.business.csproj", "{93823315-524B-4B86-BF85-474A14BC15E0}"
EndProject
Project("{FAE04EC0-301F-11D3-BF4B-00C04F79EFBC}") = "shopapp.data", "shopapp.data\shopapp.data.csproj", "{5DE6E76F-9957-4BB0-A458-F19BA535F3B6}"
EndProject
Project("{FAE04EC0-301F-11D3-BF4B-00C04F79EFBC}") = "shopapp.webui", "shopapp.webui\shopapp.webui.csproj", "{043CC20D-FD96-40F4-99F6-24B6CF3D8A6E}"
EndProject
Global
	GlobalSection(SolutionConfigurationPlatforms) = preSolution
		Debug|Any CPU = Debug|Any CPU
		Release|Any CPU = Release|Any CPU
	EndGlobalSection
	GlobalSection(ProjectConfigurationPlatforms) = postSolution
		{32189255-5614-4E98-8406-A05511AF6D88}.Debug|Any CPU.ActiveCfg = Debug|Any CPU
		{32189255-5614-4E98-8406-A05511AF6D88}.Debug|Any CPU.Build.0 = Debug|Any CPU
		{32189255-5614-4E98-8406-A05511AF6D88}.Release|Any CPU.ActiveCfg = Release|Any CPU
		{32189255-5614-4E98-8406-A05511AF6D88}.Release|Any CPU.Build.0 = Release|Any CPU
		{93823315-524B-4B86-BF85-474A14BC15E0}.Debug|Any CPU.ActiveCfg = Debug|Any CPU
		{93823315-524B-4B86-BF85-474A14BC15E0}.Debug|Any CPU.Build.0 = Debug|Any CPU
		{93823315-524B-4B86-BF85-474A14BC15E0}.Release|Any CPU.ActiveCfg = Release|Any CPU
		{93823315-524B-4B86-BF85-474A14BC15E0}.Release|Any CPU.Build.0 = Release|Any CPU
		{5DE6E76F-9957-4BB0-A458-F19BA535F3B6}.Debug|Any CPU.ActiveCfg = Debug|Any CPU
		{5DE6E76F-9957-4BB0-A458-F19BA535F3B6}.Debug|Any CPU.Build.0 = Debug|Any CPU
		{5DE6E76F-9957-4BB0-A458-F19BA535F3B6}.Release|Any CPU.ActiveCfg = Release|Any CPU
		{5DE6E76F-9957-4BB0-A458-F19BA535F3B6}.Release|Any CPU.Build.0 = Release|Any CPU
		{043CC20D-FD96-40F4-99F6-24B6CF3D8A6E}.Debug|Any CPU.ActiveCfg = Debug|Any CPU
		{043CC20D-FD96-40F4-99F6-24B6CF3D8A6E}.Debug|Any CPU.Build.0 = Debug|Any CPU
		{043CC20D-FD96-40F4-99F6-24B6CF3D8A6E}.Release|Any CPU.ActiveCfg = Release|Any CPU
		{043CC20D-FD96-40F4-99F6-24B6CF3D8A6E}.Release|Any CPU.Build.0 = Release|Any CPU
	EndGlobalSection
	GlobalSection(SolutionProperties) = preSolution
		HideSolutionNode = FALSE
	EndGlobalSection
	GlobalSection(ExtensibilityGlobals) = postSolution
		SolutionGuid = {17011BA5-04E7-48C0-9882-1A84A5A94D62}
	EndGlobalSection
EndGlobal
